
Microsoft Visual Studio Solution File, Format Version 12.00
# Visual Studio Version 17
VisualStudioVersion = 17.2.32516.85
MinimumVisualStudioVersion = 10.0.40219.1
Project("{FAE04EC0-301F-11D3-BF4B-00C04F79EFBC}") = "Milestone Project", "Milestone Project\Milestone Project.csproj", "{1CBCDC23-F691-4664-A359-D9124DA405FC}"
EndProject
Global
	GlobalSection(SolutionConfigurationPlatforms) = preSolution
		Debug|Any CPU = Debug|Any CPU
		Release|Any CPU = Release|Any CPU
	EndGlobalSection
	GlobalSection(ProjectConfigurationPlatforms) = postSolution
		{1CBCDC23-F691-4664-A359-D9124DA405FC}.Debug|Any CPU.ActiveCfg = Debug|Any CPU
		{1CBCDC23-F691-4664-A359-D9124DA405FC}.Debug|Any CPU.Build.0 = Debug|Any CPU
		{1CBCDC23-F691-4664-A359-D9124DA405FC}.Release|Any CPU.ActiveCfg = Release|Any CPU
		{1CBCDC23-F691-4664-A359-D9124DA405FC}.Release|Any CPU.Build.0 = Release|Any CPU
	EndGlobalSection
	GlobalSection(SolutionProperties) = preSolution
		HideSolutionNode = FALSE
	EndGlobalSection
	GlobalSection(ExtensibilityGlobals) = postSolution
		SolutionGuid = {C056B957-5B40-4447-A3E4-1C693A7715CF}
	EndGlobalSection
EndGlobal
